{
  "name": "try-elasticsearch",
  "lockfileVersion": 3,
  "requires": true,
  "packages": {
    "": {
      "name": "try-elasticsearch",
      "dependencies": {
        "@elastic/elasticsearch": "^8.14.0",
        "@faker-js/faker": "^8.4.1"
      },
      "devDependencies": {
        "@types/bun": "latest",
        "prettier": "^3.3.2"
      },
      "peerDependencies": {
        "typescript": "^5.0.0"
      }
    },
    "node_modules/@elastic/elasticsearch": {
      "version": "8.14.0",
      "license": "Apache-2.0",
      "dependencies": {
        "@elastic/transport": "^8.6.0",
        "tslib": "^2.4.0"
      },
      "engines": {
        "node": ">=18"
      }
    },
    "node_modules/@elastic/transport": {
      "version": "8.6.1",
      "license": "Apache-2.0",
      "dependencies": {
        "debug": "^4.3.4",
        "hpagent": "^1.0.0",
        "ms": "^2.1.3",
        "secure-json-parse": "^2.4.0",
        "tslib": "^2.4.0",
        "undici": "^6.12.0"
      },
      "engines": {
        "node": ">=18"
      }
    },
    "node_modules/@faker-js/faker": {
      "version": "8.4.1",
      "funding": [
        {
          "type": "opencollective",
          "url": "https://opencollective.com/fakerjs"
        }
      ],
      "license": "MIT",
      "engines": {
        "node": "^14.17.0 || ^16.13.0 || >=18.0.0",
        "npm": ">=6.14.13"
      }
    },
    "node_modules/@types/bun": {
      "version": "1.1.5",
      "resolved": "https://registry.npmjs.org/@types/bun/-/bun-1.1.5.tgz",
      "integrity": "sha512-7RprVDMF+1o+EWSo7F1+iJpkfNz+Ikw9K//vwambcY+D1QHXfb9l7jWY1hSBfuFEkW9yFAhkMzP2uTi1pQXoqw==",
      "dev": true,
      "dependencies": {
        "bun-types": "1.1.14"
      }
    },
    "node_modules/@types/ws": {
      "version": "8.5.10",
      "dev": true,
      "license": "MIT",
      "dependencies": {
        "@types/node": "*"
      }
    },
    "node_modules/@types/ws/node_modules/@types/node": {
      "version": "20.12.14",
      "dev": true,
      "license": "MIT",
      "dependencies": {
        "undici-types": "~5.26.4"
      }
    },
    "node_modules/bun-types": {
      "version": "1.1.14",
      "dev": true,
      "license": "MIT",
      "dependencies": {
        "@types/node": "~20.12.8",
        "@types/ws": "~8.5.10"
      }
    },
    "node_modules/bun-types/node_modules/@types/node": {
      "version": "20.12.14",
      "dev": true,
      "license": "MIT",
      "dependencies": {
        "undici-types": "~5.26.4"
      }
    },
    "node_modules/debug": {
      "version": "4.3.5",
      "license": "MIT",
      "dependencies": {
        "ms": "2.1.2"
      },
      "engines": {
        "node": ">=6.0"
      },
      "peerDependenciesMeta": {
        "supports-color": {
          "optional": true
        }
      }
    },
    "node_modules/debug/node_modules/ms": {
      "version": "2.1.2",
      "license": "MIT"
    },
    "node_modules/hpagent": {
      "version": "1.2.0",
      "license": "MIT",
      "engines": {
        "node": ">=14"
      }
    },
    "node_modules/ms": {
      "version": "2.1.3",
      "license": "MIT"
    },
    "node_modules/prettier": {
      "version": "3.3.2",
      "dev": true,
      "license": "MIT",
      "bin": {
        "prettier": "bin/prettier.cjs"
      },
      "engines": {
        "node": ">=14"
      },
      "funding": {
        "url": "https://github.com/prettier/prettier?sponsor=1"
      }
    },
    "node_modules/secure-json-parse": {
      "version": "2.7.0",
      "license": "BSD-3-Clause"
    },
    "node_modules/tslib": {
      "version": "2.6.3",
      "license": "0BSD"
    },
    "node_modules/typescript": {
      "version": "5.5.2",
      "license": "Apache-2.0",
      "peer": true,
      "bin": {
        "tsc": "bin/tsc",
        "tsserver": "bin/tsserver"
      },
      "engines": {
        "node": ">=14.17"
      }
    },
    "node_modules/undici": {
      "version": "6.19.2",
      "license": "MIT",
      "engines": {
        "node": ">=18.17"
      }
    },
    "node_modules/undici-types": {
      "version": "5.26.5",
      "dev": true,
      "license": "MIT"
    }
  }
}
